
Microsoft Visual Studio Solution File, Format Version 12.00
# Visual Studio Version 17
VisualStudioVersion = 17.5.002.0
MinimumVisualStudioVersion = 10.0.40219.1
Project("{9A19103F-16F7-4668-BE54-9A1E7A4F7556}") = "BlackJackMTG", "BlackJackMTG.csproj", "{02615878-4F51-4947-824F-5E67EC6180EE}"
EndProject
Project("{FAE04EC0-301F-11D3-BF4B-00C04F79EFBC}") = "BlackJackMTGTests", "BlackJackMTGTests\BlackJackMTGTests.csproj", "{54562C38-5B1F-44EA-BA19-6C11277F7904}"
EndProject
Global
	GlobalSection(SolutionConfigurationPlatforms) = preSolution
		Debug|Any CPU = Debug|Any CPU
		Release|Any CPU = Release|Any CPU
	EndGlobalSection
	GlobalSection(ProjectConfigurationPlatforms) = postSolution
		{02615878-4F51-4947-824F-5E67EC6180EE}.Debug|Any CPU.ActiveCfg = Debug|Any CPU
		{02615878-4F51-4947-824F-5E67EC6180EE}.Debug|Any CPU.Build.0 = Debug|Any CPU
		{02615878-4F51-4947-824F-5E67EC6180EE}.Release|Any CPU.ActiveCfg = Release|Any CPU
		{02615878-4F51-4947-824F-5E67EC6180EE}.Release|Any CPU.Build.0 = Release|Any CPU
		{54562C38-5B1F-44EA-BA19-6C11277F7904}.Debug|Any CPU.ActiveCfg = Debug|Any CPU
		{54562C38-5B1F-44EA-BA19-6C11277F7904}.Debug|Any CPU.Build.0 = Debug|Any CPU
		{54562C38-5B1F-44EA-BA19-6C11277F7904}.Release|Any CPU.ActiveCfg = Release|Any CPU
		{54562C38-5B1F-44EA-BA19-6C11277F7904}.Release|Any CPU.Build.0 = Release|Any CPU
	EndGlobalSection
	GlobalSection(SolutionProperties) = preSolution
		HideSolutionNode = FALSE
	EndGlobalSection
	GlobalSection(ExtensibilityGlobals) = postSolution
		SolutionGuid = {717B22A3-D73F-4898-95B2-1459A671AC74}
	EndGlobalSection
EndGlobal
